dependencies:
- name: logprep
  repository: file://../../charts/logprep
  version: 15.1.0
- name: logprep
  repository: file://../../charts/logprep
  version: 15.1.0
- name: kafka
  repository: https://charts.bitnami.com/bitnami
  version: 29.3.14
- name: opensearch
  repository: https://charts.bitnami.com/bitnami
  version: 1.9.4
digest: sha256:5c7b94683b33aaa4df45ce6f7df335d76202d363ec868dc32d3c674ddb3825bd
generated: "2026-02-03T11:02:32.330221525Z"
